// !$*UTF8*$!
{
	archiveVersion = 1;
	classes = {
	};
	objectVersion = 46;
	objects = {

/* Begin PBXBuildFile section */
		1B3E7A431D901DE2006DBEC1 /* PlotViewController.swift in Sources */ = {isa = PBXBuildFile; fileRef = 1B3E7A421D901DE2006DBEC1 /* PlotViewController.swift */; };
		1B3E7A571D919FB1006DBEC1 /* FavoritesTableViewController.swift in Sources */ = {isa = PBXBuildFile; fileRef = 1B3E7A561D919FB1006DBEC1 /* FavoritesTableViewController.swift */; };
		1B3E7A611D91AF4A006DBEC1 /* FavoritesCellTableViewCell.swift in Sources */ = {isa = PBXBuildFile; fileRef = 1B3E7A601D91AF4A006DBEC1 /* FavoritesCellTableViewCell.swift */; };
		1B452ADB1D9D620E004481FE /* Secrets.swift in Sources */ = {isa = PBXBuildFile; fileRef = 1B452ADA1D9D620E004481FE /* Secrets.swift */; };
		1BD88C331D8C2E2C0026616B /* DetailViewController.swift in Sources */ = {isa = PBXBuildFile; fileRef = 1BD88C321D8C2E2C0026616B /* DetailViewController.swift */; };
		1BE920931DD4EE8600D5F6DD /* Model.xcdatamodeld in Sources */ = {isa = PBXBuildFile; fileRef = 1BE920911DD4EE8600D5F6DD /* Model.xcdatamodeld */; };
		1BE920A01DD4F0B900D5F6DD /* Favorite+CoreDataProperties.swift in Sources */ = {isa = PBXBuildFile; fileRef = 1BE9209C1DD4F0B900D5F6DD /* Favorite+CoreDataProperties.swift */; };
		1BE920A11DD4F0B900D5F6DD /* Favorite.swift in Sources */ = {isa = PBXBuildFile; fileRef = 1BE9209D1DD4F0B900D5F6DD /* Favorite.swift */; };
		1BE920A21DD4F0B900D5F6DD /* CoreMovie+CoreDataProperties.swift in Sources */ = {isa = PBXBuildFile; fileRef = 1BE9209E1DD4F0B900D5F6DD /* CoreMovie+CoreDataProperties.swift */; };
		1BE920A31DD4F0B900D5F6DD /* CoreMovie.swift in Sources */ = {isa = PBXBuildFile; fileRef = 1BE9209F1DD4F0B900D5F6DD /* CoreMovie.swift */; };
		1BF41E261D830E380093A000 /* AppDelegate.swift in Sources */ = {isa = PBXBuildFile; fileRef = 1BF41E251D830E380093A000 /* AppDelegate.swift */; };
		1BF41E2D1D830E380093A000 /* Assets.xcassets in Resources */ = {isa = PBXBuildFile; fileRef = 1BF41E2C1D830E380093A000 /* Assets.xcassets */; };
		1BF41E301D830E380093A000 /* LaunchScreen.storyboard in Resources */ = {isa = PBXBuildFile; fileRef = 1BF41E2E1D830E380093A000 /* LaunchScreen.storyboard */; };
		1BF41E3B1D830E380093A000 /* MovieProjectAppTests.swift in Sources */ = {isa = PBXBuildFile; fileRef = 1BF41E3A1D830E380093A000 /* MovieProjectAppTests.swift */; };
		1BF41E461D830E380093A000 /* MovieProjectAppUITests.swift in Sources */ = {isa = PBXBuildFile; fileRef = 1BF41E451D830E380093A000 /* MovieProjectAppUITests.swift */; };
		1BF41E571D830E5B0093A000 /* Movie(noncoredata).swift in Sources */ = {isa = PBXBuildFile; fileRef = 1BF41E531D830E5B0093A000 /* Movie(noncoredata).swift */; };
		1BF41E581D830E5B0093A000 /* MovieDataStore.swift in Sources */ = {isa = PBXBuildFile; fileRef = 1BF41E541D830E5B0093A000 /* MovieDataStore.swift */; };
		1BF41E591D830E5B0093A000 /* OMDBAPIClient.swift in Sources */ = {isa = PBXBuildFile; fileRef = 1BF41E551D830E5B0093A000 /* OMDBAPIClient.swift */; };
		1BF41E5D1D830E980093A000 /* Main.storyboard in Resources */ = {isa = PBXBuildFile; fileRef = 1BF41E5B1D830E980093A000 /* Main.storyboard */; };
		1BF41E5F1D8313520093A000 /* CollectionViewController.swift in Sources */ = {isa = PBXBuildFile; fileRef = 1BF41E5E1D8313520093A000 /* CollectionViewController.swift */; };
		1BF41E611D871A450093A000 /* ImageCollectionViewCell.swift in Sources */ = {isa = PBXBuildFile; fileRef = 1BF41E601D871A450093A000 /* ImageCollectionViewCell.swift */; };
/* End PBXBuildFile section */

/* Begin PBXContainerItemProxy section */
		1BF41E371D830E380093A000 /* PBXContainerItemProxy */ = {
			isa = PBXContainerItemProxy;
			containerPortal = 1BF41E1A1D830E380093A000 /* Project object */;
			proxyType = 1;
			remoteGlobalIDString = 1BF41E211D830E380093A000;
			remoteInfo = MovieProjectApp;
		};
		1BF41E421D830E380093A000 /* PBXContainerItemProxy */ = {
			isa = PBXContainerItemProxy;
			containerPortal = 1BF41E1A1D830E380093A000 /* Project object */;
			proxyType = 1;
			remoteGlobalIDString = 1BF41E211D830E380093A000;
			remoteInfo = MovieProjectApp;
		};
/* End PBXContainerItemProxy section */

/* Begin PBXFileReference section */
		1B3E7A421D901DE2006DBEC1 /* PlotViewController.swift */ = {isa = PBXFileReference; fileEncoding = 4; lastKnownFileType = sourcecode.swift; path = PlotViewController.swift; sourceTree = "<group>"; };
		1B3E7A561D919FB1006DBEC1 /* FavoritesTableViewController.swift */ = {isa = PBXFileReference; fileEncoding = 4; lastKnownFileType = sourcecode.swift; path = FavoritesTableViewController.swift; sourceTree = "<group>"; };
		1B3E7A601D91AF4A006DBEC1 /* FavoritesCellTableViewCell.swift */ = {isa = PBXFileReference; fileEncoding = 4; lastKnownFileType = sourcecode.swift; path = FavoritesCellTableViewCell.swift; sourceTree = "<group>"; };
		1B452ADA1D9D620E004481FE /* Secrets.swift */ = {isa = PBXFileReference; fileEncoding = 4; lastKnownFileType = sourcecode.swift; path = Secrets.swift; sourceTree = "<group>"; };
		1BD88C321D8C2E2C0026616B /* DetailViewController.swift */ = {isa = PBXFileReference; fileEncoding = 4; lastKnownFileType = sourcecode.swift; path = DetailViewController.swift; sourceTree = "<group>"; };
		1BE920921DD4EE8600D5F6DD /* Model.xcdatamodel */ = {isa = PBXFileReference; lastKnownFileType = wrapper.xcdatamodel; path = Model.xcdatamodel; sourceTree = "<group>"; };
		1BE9209C1DD4F0B900D5F6DD /* Favorite+CoreDataProperties.swift */ = {isa = PBXFileReference; fileEncoding = 4; lastKnownFileType = sourcecode.swift; name = "Favorite+CoreDataProperties.swift"; path = "../Favorite+CoreDataProperties.swift"; sourceTree = "<group>"; };
		1BE9209D1DD4F0B900D5F6DD /* Favorite.swift */ = {isa = PBXFileReference; fileEncoding = 4; lastKnownFileType = sourcecode.swift; name = Favorite.swift; path = ../Favorite.swift; sourceTree = "<group>"; };
		1BE9209E1DD4F0B900D5F6DD /* CoreMovie+CoreDataProperties.swift */ = {isa = PBXFileReference; fileEncoding = 4; lastKnownFileType = sourcecode.swift; name = "CoreMovie+CoreDataProperties.swift"; path = "../CoreMovie+CoreDataProperties.swift"; sourceTree = "<group>"; };
		1BE9209F1DD4F0B900D5F6DD /* CoreMovie.swift */ = {isa = PBXFileReference; fileEncoding = 4; lastKnownFileType = sourcecode.swift; name = CoreMovie.swift; path = ../CoreMovie.swift; sourceTree = "<group>"; };
		1BF41E221D830E380093A000 /* MovieProjectApp.app */ = {isa = PBXFileReference; explicitFileType = wrapper.application; includeInIndex = 0; path = MovieProjectApp.app; sourceTree = BUILT_PRODUCTS_DIR; };
		1BF41E251D830E380093A000 /* AppDelegate.swift */ = {isa = PBXFileReference; lastKnownFileType = sourcecode.swift; path = AppDelegate.swift; sourceTree = "<group>"; };
		1BF41E2C1D830E380093A000 /* Assets.xcassets */ = {isa = PBXFileReference; lastKnownFileType = folder.assetcatalog; path = Assets.xcassets; sourceTree = "<group>"; };
		1BF41E2F1D830E380093A000 /* Base */ = {isa = PBXFileReference; lastKnownFileType = file.storyboard; name = Base; path = Base.lproj/LaunchScreen.storyboard; sourceTree = "<group>"; };
		1BF41E311D830E380093A000 /* Info.plist */ = {isa = PBXFileReference; lastKnownFileType = text.plist.xml; path = Info.plist; sourceTree = "<group>"; };
		1BF41E361D830E380093A000 /* MovieProjectAppTests.xctest */ = {isa = PBXFileReference; explicitFileType = wrapper.cfbundle; includeInIndex = 0; path = MovieProjectAppTests.xctest; sourceTree = BUILT_PRODUCTS_DIR; };
		1BF41E3A1D830E380093A000 /* MovieProjectAppTests.swift */ = {isa = PBXFileReference; lastKnownFileType = sourcecode.swift; path = MovieProjectAppTests.swift; sourceTree = "<group>"; };
		1BF41E3C1D830E380093A000 /* Info.plist */ = {isa = PBXFileReference; lastKnownFileType = text.plist.xml; path = Info.plist; sourceTree = "<group>"; };
		1BF41E411D830E380093A000 /* MovieProjectAppUITests.xctest */ = {isa = PBXFileReference; explicitFileType = wrapper.cfbundle; includeInIndex = 0; path = MovieProjectAppUITests.xctest; sourceTree = BUILT_PRODUCTS_DIR; };
		1BF41E451D830E380093A000 /* MovieProjectAppUITests.swift */ = {isa = PBXFileReference; lastKnownFileType = sourcecode.swift; path = MovieProjectAppUITests.swift; sourceTree = "<group>"; };
		1BF41E471D830E380093A000 /* Info.plist */ = {isa = PBXFileReference; lastKnownFileType = text.plist.xml; path = Info.plist; sourceTree = "<group>"; };
		1BF41E531D830E5B0093A000 /* Movie(noncoredata).swift */ = {isa = PBXFileReference; fileEncoding = 4; lastKnownFileType = sourcecode.swift; path = "Movie(noncoredata).swift"; sourceTree = "<group>"; };
		1BF41E541D830E5B0093A000 /* MovieDataStore.swift */ = {isa = PBXFileReference; fileEncoding = 4; lastKnownFileType = sourcecode.swift; path = MovieDataStore.swift; sourceTree = "<group>"; };
		1BF41E551D830E5B0093A000 /* OMDBAPIClient.swift */ = {isa = PBXFileReference; fileEncoding = 4; lastKnownFileType = sourcecode.swift; path = OMDBAPIClient.swift; sourceTree = "<group>"; };
		1BF41E5C1D830E980093A000 /* Base */ = {isa = PBXFileReference; lastKnownFileType = file.storyboard; name = Base; path = Base.lproj/Main.storyboard; sourceTree = "<group>"; };
		1BF41E5E1D8313520093A000 /* CollectionViewController.swift */ = {isa = PBXFileReference; fileEncoding = 4; lastKnownFileType = sourcecode.swift; path = CollectionViewController.swift; sourceTree = "<group>"; };
		1BF41E601D871A450093A000 /* ImageCollectionViewCell.swift */ = {isa = PBXFileReference; fileEncoding = 4; lastKnownFileType = sourcecode.swift; path = ImageCollectionViewCell.swift; sourceTree = "<group>"; };
/* End PBXFileReference section */

/* Begin PBXFrameworksBuildPhase section */
		1BF41E1F1D830E380093A000 /* Frameworks */ = {
			isa = PBXFrameworksBuildPhase;
			buildActionMask = 2147483647;
			files = (
			);
			runOnlyForDeploymentPostprocessing = 0;
		};
		1BF41E331D830E380093A000 /* Frameworks */ = {
			isa = PBXFrameworksBuildPhase;
			buildActionMask = 2147483647;
			files = (
			);
			runOnlyForDeploymentPostprocessing = 0;
		};
		1BF41E3E1D830E380093A000 /* Frameworks */ = {
			isa = PBXFrameworksBuildPhase;
			buildActionMask = 2147483647;
			files = (
			);
			runOnlyForDeploymentPostprocessing = 0;
		};
/* End PBXFrameworksBuildPhase section */

/* Begin PBXGroup section */
		1BF41E191D830E380093A000 = {
			isa = PBXGroup;
			children = (
				1BF41E241D830E380093A000 /* MovieProjectApp */,
				1BF41E391D830E380093A000 /* MovieProjectAppTests */,
				1BF41E441D830E380093A000 /* MovieProjectAppUITests */,
				1BF41E231D830E380093A000 /* Products */,
			);
			sourceTree = "<group>";
		};
		1BF41E231D830E380093A000 /* Products */ = {
			isa = PBXGroup;
			children = (
				1BF41E221D830E380093A000 /* MovieProjectApp.app */,
				1BF41E361D830E380093A000 /* MovieProjectAppTests.xctest */,
				1BF41E411D830E380093A000 /* MovieProjectAppUITests.xctest */,
			);
			name = Products;
			sourceTree = "<group>";
		};
		1BF41E241D830E380093A000 /* MovieProjectApp */ = {
			isa = PBXGroup;
			children = (
				1B452ADA1D9D620E004481FE /* Secrets.swift */,
				1BF41E251D830E380093A000 /* AppDelegate.swift */,
				1BF41E551D830E5B0093A000 /* OMDBAPIClient.swift */,
				1BF41E541D830E5B0093A000 /* MovieDataStore.swift */,
				1BF41E531D830E5B0093A000 /* Movie(noncoredata).swift */,
				1BF41E2C1D830E380093A000 /* Assets.xcassets */,
				1BF41E5B1D830E980093A000 /* Main.storyboard */,
				1BF41E601D871A450093A000 /* ImageCollectionViewCell.swift */,
				1BF41E5E1D8313520093A000 /* CollectionViewController.swift */,
				1BD88C321D8C2E2C0026616B /* DetailViewController.swift */,
				1BE920911DD4EE8600D5F6DD /* Model.xcdatamodeld */,
				1BE9209C1DD4F0B900D5F6DD /* Favorite+CoreDataProperties.swift */,
				1BE9209D1DD4F0B900D5F6DD /* Favorite.swift */,
				1BE9209E1DD4F0B900D5F6DD /* CoreMovie+CoreDataProperties.swift */,
				1BE9209F1DD4F0B900D5F6DD /* CoreMovie.swift */,
				1B3E7A421D901DE2006DBEC1 /* PlotViewController.swift */,
				1B3E7A561D919FB1006DBEC1 /* FavoritesTableViewController.swift */,
				1B3E7A601D91AF4A006DBEC1 /* FavoritesCellTableViewCell.swift */,
				1BF41E2E1D830E380093A000 /* LaunchScreen.storyboard */,
				1BF41E311D830E380093A000 /* Info.plist */,
			);
			path = MovieProjectApp;
			sourceTree = "<group>";
		};
		1BF41E391D830E380093A000 /* MovieProjectAppTests */ = {
			isa = PBXGroup;
			children = (
				1BF41E3A1D830E380093A000 /* MovieProjectAppTests.swift */,
				1BF41E3C1D830E380093A000 /* Info.plist */,
			);
			path = MovieProjectAppTests;
			sourceTree = "<group>";
		};
		1BF41E441D830E380093A000 /* MovieProjectAppUITests */ = {
			isa = PBXGroup;
			children = (
				1BF41E451D830E380093A000 /* MovieProjectAppUITests.swift */,
				1BF41E471D830E380093A000 /* Info.plist */,
			);
			path = MovieProjectAppUITests;
			sourceTree = "<group>";
		};
/* End PBXGroup section */

/* Begin PBXNativeTarget section */
		1BF41E211D830E380093A000 /* MovieProjectApp */ = {
			isa = PBXNativeTarget;
			buildConfigurationList = 1BF41E4A1D830E380093A000 /* Build configuration list for PBXNativeTarget "MovieProjectApp" */;
			buildPhases = (
				1BF41E1E1D830E380093A000 /* Sources */,
				1BF41E1F1D830E380093A000 /* Frameworks */,
				1BF41E201D830E380093A000 /* Resources */,
			);
			buildRules = (
			);
			dependencies = (
			);
			name = MovieProjectApp;
			productName = MovieProjectApp;
			productReference = 1BF41E221D830E380093A000 /* MovieProjectApp.app */;
			productType = "com.apple.product-type.application";
		};
		1BF41E351D830E380093A000 /* MovieProjectAppTests */ = {
			isa = PBXNativeTarget;
			buildConfigurationList = 1BF41E4D1D830E380093A000 /* Build configuration list for PBXNativeTarget "MovieProjectAppTests" */;
			buildPhases = (
				1BF41E321D830E380093A000 /* Sources */,
				1BF41E331D830E380093A000 /* Frameworks */,
				1BF41E341D830E380093A000 /* Resources */,
			);
			buildRules = (
			);
			dependencies = (
				1BF41E381D830E380093A000 /* PBXTargetDependency */,
			);
			name = MovieProjectAppTests;
			productName = MovieProjectAppTests;
			productReference = 1BF41E361D830E380093A000 /* MovieProjectAppTests.xctest */;
			productType = "com.apple.product-type.bundle.unit-test";
		};
		1BF41E401D830E380093A000 /* MovieProjectAppUITests */ = {
			isa = PBXNativeTarget;
			buildConfigurationList = 1BF41E501D830E380093A000 /* Build configuration list for PBXNativeTarget "MovieProjectAppUITests" */;
			buildPhases = (
				1BF41E3D1D830E380093A000 /* Sources */,
				1BF41E3E1D830E380093A000 /* Frameworks */,
				1BF41E3F1D830E380093A000 /* Resources */,
			);
			buildRules = (
			);
			dependencies = (
				1BF41E431D830E380093A000 /* PBXTargetDependency */,
			);
			name = MovieProjectAppUITests;
			productName = MovieProjectAppUITests;
			productReference = 1BF41E411D830E380093A000 /* MovieProjectAppUITests.xctest */;
			productType = "com.apple.product-type.bundle.ui-testing";
		};
/* End PBXNativeTarget section */

/* Begin PBXProject section */
		1BF41E1A1D830E380093A000 /* Project object */ = {
			isa = PBXProject;
			attributes = {
				LastSwiftUpdateCheck = 0730;
				LastUpgradeCheck = 0730;
				ORGANIZATIONNAME = "Flatiron School";
				TargetAttributes = {
					1BF41E211D830E380093A000 = {
						CreatedOnToolsVersion = 7.3.1;
					};
					1BF41E351D830E380093A000 = {
						CreatedOnToolsVersion = 7.3.1;
						TestTargetID = 1BF41E211D830E380093A000;
					};
					1BF41E401D830E380093A000 = {
						CreatedOnToolsVersion = 7.3.1;
						TestTargetID = 1BF41E211D830E380093A000;
					};
				};
			};
			buildConfigurationList = 1BF41E1D1D830E380093A000 /* Build configuration list for PBXProject "MovieProjectApp" */;
			compatibilityVersion = "Xcode 3.2";
			developmentRegion = English;
			hasScannedForEncodings = 0;
			knownRegions = (
				en,
				Base,
			);
			mainGroup = 1BF41E191D830E380093A000;
			productRefGroup = 1BF41E231D830E380093A000 /* Products */;
			projectDirPath = "";
			projectRoot = "";
			targets = (
				1BF41E211D830E380093A000 /* MovieProjectApp */,
				1BF41E351D830E380093A000 /* MovieProjectAppTests */,
				1BF41E401D830E380093A000 /* MovieProjectAppUITests */,
			);
		};
/* End PBXProject section */

/* Begin PBXResourcesBuildPhase section */
		1BF41E201D830E380093A000 /* Resources */ = {
			isa = PBXResourcesBuildPhase;
			buildActionMask = 2147483647;
			files = (
				1BF41E5D1D830E980093A000 /* Main.storyboard in Resources */,
				1BF41E301D830E380093A000 /* LaunchScreen.storyboard in Resources */,
				1BF41E2D1D830E380093A000 /* Assets.xcassets in Resources */,
			);
			runOnlyForDeploymentPostprocessing = 0;
		};
		1BF41E341D830E380093A000 /* Resources */ = {
			isa = PBXResourcesBuildPhase;
			buildActionMask = 2147483647;
			files = (
			);
			runOnlyForDeploymentPostprocessing = 0;
		};
		1BF41E3F1D830E380093A000 /* Resources */ = {
			isa = PBXResourcesBuildPhase;
			buildActionMask = 2147483647;
			files = (
			);
			runOnlyForDeploymentPostprocessing = 0;
		};
/* End PBXResourcesBuildPhase section */

/* Begin PBXSourcesBuildPhase section */
		1BF41E1E1D830E380093A000 /* Sources */ = {
			isa = PBXSourcesBuildPhase;
			buildActionMask = 2147483647;
			files = (
				1B452ADB1D9D620E004481FE /* Secrets.swift in Sources */,
				1BE920A11DD4F0B900D5F6DD /* Favorite.swift in Sources */,
				1BF41E5F1D8313520093A000 /* CollectionViewController.swift in Sources */,
				1BE920A31DD4F0B900D5F6DD /* CoreMovie.swift in Sources */,
				1BF41E571D830E5B0093A000 /* Movie(noncoredata).swift in Sources */,
				1B3E7A571D919FB1006DBEC1 /* FavoritesTableViewController.swift in Sources */,
				1BE920A21DD4F0B900D5F6DD /* CoreMovie+CoreDataProperties.swift in Sources */,
				1BF41E611D871A450093A000 /* ImageCollectionViewCell.swift in Sources */,
				1BE920A01DD4F0B900D5F6DD /* Favorite+CoreDataProperties.swift in Sources */,
				1BF41E591D830E5B0093A000 /* OMDBAPIClient.swift in Sources */,
				1B3E7A611D91AF4A006DBEC1 /* FavoritesCellTableViewCell.swift in Sources */,
				1BF41E261D830E380093A000 /* AppDelegate.swift in Sources */,
				1BF41E581D830E5B0093A000 /* MovieDataStore.swift in Sources */,
				1BD88C331D8C2E2C0026616B /* DetailViewController.swift in Sources */,
				1B3E7A431D901DE2006DBEC1 /* PlotViewController.swift in Sources */,
				1BE920931DD4EE8600D5F6DD /* Model.xcdatamodeld in Sources */,
			);
			runOnlyForDeploymentPostprocessing = 0;
		};
		1BF41E321D830E380093A000 /* Sources */ = {
			isa = PBXSourcesBuildPhase;
			buildActionMask = 2147483647;
			files = (
				1BF41E3B1D830E380093A000 /* MovieProjectAppTests.swift in Sources */,
			);
			runOnlyForDeploymentPostprocessing = 0;
		};
		1BF41E3D1D830E380093A000 /* Sources */ = {
			isa = PBXSourcesBuildPhase;
			buildActionMask = 2147483647;
			files = (
				1BF41E461D830E380093A000 /* MovieProjectAppUITests.swift in Sources */,
			);
			runOnlyForDeploymentPostprocessing = 0;
		};
/* End PBXSourcesBuildPhase section */

/* Begin PBXTargetDependency section */
		1BF41E381D830E380093A000 /* PBXTargetDependency */ = {
			isa = PBXTargetDependency;
			target = 1BF41E211D830E380093A000 /* MovieProjectApp */;
			targetProxy = 1BF41E371D830E380093A000 /* PBXContainerItemProxy */;
		};
		1BF41E431D830E380093A000 /* PBXTargetDependency */ = {
			isa = PBXTargetDependency;
			target = 1BF41E211D830E380093A000 /* MovieProjectApp */;
			targetProxy = 1BF41E421D830E380093A000 /* PBXContainerItemProxy */;
		};
/* End PBXTargetDependency section */

/* Begin PBXVariantGroup section */
		1BF41E2E1D830E380093A000 /* LaunchScreen.storyboard */ = {
			isa = PBXVariantGroup;
			children = (
				1BF41E2F1D830E380093A000 /* Base */,
			);
			name = LaunchScreen.storyboard;
			sourceTree = "<group>";
		};
		1BF41E5B1D830E980093A000 /* Main.storyboard */ = {
			isa = PBXVariantGroup;
			children = (
				1BF41E5C1D830E980093A000 /* Base */,
			);
			name = Main.storyboard;
			sourceTree = "<group>";
		};
/* End PBXVariantGroup section */

/* Begin XCBuildConfiguration section */
		1BF41E481D830E380093A000 /* Debug */ = {
			isa = XCBuildConfiguration;
			buildSettings = {
				ALWAYS_SEARCH_USER_PATHS = NO;
				CLANG_ANALYZER_NONNULL = YES;
				CLANG_CXX_LANGUAGE_STANDARD = "gnu++0x";
				CLANG_CXX_LIBRARY = "libc++";
				CLANG_ENABLE_MODULES = YES;
				CLANG_ENABLE_OBJC_ARC = YES;
				CLANG_WARN_BOOL_CONVERSION = YES;
				CLANG_WARN_CONSTANT_CONVERSION = YES;
				CLANG_WARN_DIRECT_OBJC_ISA_USAGE = YES_ERROR;
				CLANG_WARN_EMPTY_BODY = YES;
				CLANG_WARN_ENUM_CONVERSION = YES;
				CLANG_WARN_INT_CONVERSION = YES;
				CLANG_WARN_OBJC_ROOT_CLASS = YES_ERROR;
				CLANG_WARN_UNREACHABLE_CODE = YES;
				CLANG_WARN__DUPLICATE_METHOD_MATCH = YES;
				"CODE_SIGN_IDENTITY[sdk=iphoneos*]" = "iPhone Developer";
				COPY_PHASE_STRIP = NO;
				DEBUG_INFORMATION_FORMAT = dwarf;
				ENABLE_STRICT_OBJC_MSGSEND = YES;
				ENABLE_TESTABILITY = YES;
				GCC_C_LANGUAGE_STANDARD = gnu99;
				GCC_DYNAMIC_NO_PIC = NO;
				GCC_NO_COMMON_BLOCKS = YES;
				GCC_OPTIMIZATION_LEVEL = 0;
				GCC_PREPROCESSOR_DEFINITIONS = (
					"DEBUG=1",
					"$(inherited)",
				);
				GCC_WARN_64_TO_32_BIT_CONVERSION = YES;
				GCC_WARN_ABOUT_RETURN_TYPE = YES_ERROR;
				GCC_WARN_UNDECLARED_SELECTOR = YES;
				GCC_WARN_UNINITIALIZED_AUTOS = YES_AGGRESSIVE;
				GCC_WARN_UNUSED_FUNCTION = YES;
				GCC_WARN_UNUSED_VARIABLE = YES;
				IPHONEOS_DEPLOYMENT_TARGET = 9.3;
				MTL_ENABLE_DEBUG_INFO = YES;
				ONLY_ACTIVE_ARCH = YES;
				SDKROOT = iphoneos;
				SWIFT_OPTIMIZATION_LEVEL = "-Onone";
			};
			name = Debug;
		};
		1BF41E491D830E380093A000 /* Release */ = {
			isa = XCBuildConfiguration;
			buildSettings = {
				ALWAYS_SEARCH_USER_PATHS = NO;
				CLANG_ANALYZER_NONNULL = YES;
				CLANG_CXX_LANGUAGE_STANDARD = "gnu++0x";
				CLANG_CXX_LIBRARY = "libc++";
				CLANG_ENABLE_MODULES = YES;
				CLANG_ENABLE_OBJC_ARC = YES;
				CLANG_WARN_BOOL_CONVERSION = YES;
				CLANG_WARN_CONSTANT_CONVERSION = YES;
				CLANG_WARN_DIRECT_OBJC_ISA_USAGE = YES_ERROR;
				CLANG_WARN_EMPTY_BODY = YES;
				CLANG_WARN_ENUM_CONVERSION = YES;
				CLANG_WARN_INT_CONVERSION = YES;
				CLANG_WARN_OBJC_ROOT_CLASS = YES_ERROR;
				CLANG_WARN_UNREACHABLE_CODE = YES;
				CLANG_WARN__DUPLICATE_METHOD_MATCH = YES;
				"CODE_SIGN_IDENTITY[sdk=iphoneos*]" = "iPhone Developer";
				COPY_PHASE_STRIP = NO;
				DEBUG_INFORMATION_FORMAT = "dwarf-with-dsym";
				ENABLE_NS_ASSERTIONS = NO;
				ENABLE_STRICT_OBJC_MSGSEND = YES;
				GCC_C_LANGUAGE_STANDARD = gnu99;
				GCC_NO_COMMON_BLOCKS = YES;
				GCC_WARN_64_TO_32_BIT_CONVERSION = YES;
				GCC_WARN_ABOUT_RETURN_TYPE = YES_ERROR;
				GCC_WARN_UNDECLARED_SELECTOR = YES;
				GCC_WARN_UNINITIALIZED_AUTOS = YES_AGGRESSIVE;
				GCC_WARN_UNUSED_FUNCTION = YES;
				GCC_WARN_UNUSED_VARIABLE = YES;
				IPHONEOS_DEPLOYMENT_TARGET = 9.3;
				MTL_ENABLE_DEBUG_INFO = NO;
				SDKROOT = iphoneos;
				VALIDATE_PRODUCT = YES;
			};
			name = Release;
		};
		1BF41E4B1D830E380093A000 /* Debug */ = {
			isa = XCBuildConfiguration;
			buildSettings = {
				ASSETCATALOG_COMPILER_APPICON_NAME = AppIcon;
				INFOPLIST_FILE = MovieProjectApp/Info.plist;
				LD_RUNPATH_SEARCH_PATHS = "$(inherited) @executable_path/Frameworks";
				PRODUCT_BUNDLE_IDENTIFIER = com.first.MovieProjectApp;
				PRODUCT_NAME = "$(TARGET_NAME)";
			};
			name = Debug;
		};
		1BF41E4C1D830E380093A000 /* Release */ = {
			isa = XCBuildConfiguration;
			buildSettings = {
				ASSETCATALOG_COMPILER_APPICON_NAME = AppIcon;
				INFOPLIST_FILE = MovieProjectApp/Info.plist;
				LD_RUNPATH_SEARCH_PATHS = "$(inherited) @executable_path/Frameworks";
				PRODUCT_BUNDLE_IDENTIFIER = com.first.MovieProjectApp;
				PRODUCT_NAME = "$(TARGET_NAME)";
				SWIFT_OPTIMIZATION_LEVEL = "-O";
				"SWIFT_OPTIMIZATION_LEVEL[arch=*]" = "-Onone";
			};
			name = Release;
		};
		1BF41E4E1D830E380093A000 /* Debug */ = {
			isa = XCBuildConfiguration;
			buildSettings = {
				BUNDLE_LOADER = "$(TEST_HOST)";
				INFOPLIST_FILE = MovieProjectAppTests/Info.plist;
				LD_RUNPATH_SEARCH_PATHS = "$(inherited) @executable_path/Frameworks @loader_path/Frameworks";
				PRODUCT_BUNDLE_IDENTIFIER = com.first.MovieProjectAppTests;
				PRODUCT_NAME = "$(TARGET_NAME)";
				TEST_HOST = "$(BUILT_PRODUCTS_DIR)/MovieProjectApp.app/MovieProjectApp";
			};
			name = Debug;
		};
		1BF41E4F1D830E380093A000 /* Release */ = {
			isa = XCBuildConfiguration;
			buildSettings = {
				BUNDLE_LOADER = "$(TEST_HOST)";
				INFOPLIST_FILE = MovieProjectAppTests/Info.plist;
				LD_RUNPATH_SEARCH_PATHS = "$(inherited) @executable_path/Frameworks @loader_path/Frameworks";
				PRODUCT_BUNDLE_IDENTIFIER = com.first.MovieProjectAppTests;
				PRODUCT_NAME = "$(TARGET_NAME)";
				TEST_HOST = "$(BUILT_PRODUCTS_DIR)/MovieProjectApp.app/MovieProjectApp";
			};
			name = Release;
		};
		1BF41E511D830E380093A000 /* Debug */ = {
			isa = XCBuildConfiguration;
			buildSettings = {
				INFOPLIST_FILE = MovieProjectAppUITests/Info.plist;
				LD_RUNPATH_SEARCH_PATHS = "$(inherited) @executable_path/Frameworks @loader_path/Frameworks";
				PRODUCT_BUNDLE_IDENTIFIER = com.first.MovieProjectAppUITests;
				PRODUCT_NAME = "$(TARGET_NAME)";
				TEST_TARGET_NAME = MovieProjectApp;
			};
			name = Debug;
		};
		1BF41E521D830E380093A000 /* Release */ = {
			isa = XCBuildConfiguration;
			buildSettings = {
				INFOPLIST_FILE = MovieProjectAppUITests/Info.plist;
				LD_RUNPATH_SEARCH_PATHS = "$(inherited) @executable_path/Frameworks @loader_path/Frameworks";
				PRODUCT_BUNDLE_IDENTIFIER = com.first.MovieProjectAppUITests;
				PRODUCT_NAME = "$(TARGET_NAME)";
				TEST_TARGET_NAME = MovieProjectApp;
			};
			name = Release;
		};
/* End XCBuildConfiguration section */

/* Begin XCConfigurationList section */
		1BF41E1D1D830E380093A000 /* Build configuration list for PBXProject "MovieProjectApp" */ = {
			isa = XCConfigurationList;
			buildConfigurations = (
				1BF41E481D830E380093A000 /* Debug */,
				1BF41E491D830E380093A000 /* Release */,
			);
			defaultConfigurationIsVisible = 0;
			defaultConfigurationName = Release;
		};
		1BF41E4A1D830E380093A000 /* Build configuration list for PBXNativeTarget "MovieProjectApp" */ = {
			isa = XCConfigurationList;
			buildConfigurations = (
				1BF41E4B1D830E380093A000 /* Debug */,
				1BF41E4C1D830E380093A000 /* Release */,
			);
			defaultConfigurationIsVisible = 0;
			defaultConfigurationName = Release;
		};
		1BF41E4D1D830E380093A000 /* Build configuration list for PBXNativeTarget "MovieProjectAppTests" */ = {
			isa = XCConfigurationList;
			buildConfigurations = (
				1BF41E4E1D830E380093A000 /* Debug */,
				1BF41E4F1D830E380093A000 /* Release */,
			);
			defaultConfigurationIsVisible = 0;
			defaultConfigurationName = Release;
		};
		1BF41E501D830E380093A000 /* Build configuration list for PBXNativeTarget "MovieProjectAppUITests" */ = {
			isa = XCConfigurationList;
			buildConfigurations = (
				1BF41E511D830E380093A000 /* Debug */,
				1BF41E521D830E380093A000 /* Release */,
			);
			defaultConfigurationIsVisible = 0;
			defaultConfigurationName = Release;
		};
/* End XCConfigurationList section */

/* Begin XCVersionGroup section */
		1BE920911DD4EE8600D5F6DD /* Model.xcdatamodeld */ = {
			isa = XCVersionGroup;
			children = (
				1BE920921DD4EE8600D5F6DD /* Model.xcdatamodel */,
			);
			currentVersion = 1BE920921DD4EE8600D5F6DD /* Model.xcdatamodel */;
			path = Model.xcdatamodeld;
			sourceTree = "<group>";
			versionGroupType = wrapper.xcdatamodel;
		};
/* End XCVersionGroup section */
	};
	rootObject = 1BF41E1A1D830E380093A000 /* Project object */;
}
